
Microsoft Visual Studio Solution File, Format Version 12.00
# Visual Studio Version 17
VisualStudioVersion = 17.13.35931.197 d17.13
MinimumVisualStudioVersion = 10.0.40219.1
Project("{FAE04EC0-301F-11D3-BF4B-00C04F79EFBC}") = "Calculator", "Calculator\Calculator.csproj", "{495A422E-A7DE-4F08-B522-214827D2294C}"
EndProject
Global
	GlobalSection(SolutionConfigurationPlatforms) = preSolution
		Debug|Any CPU = Debug|Any CPU
		Release|Any CPU = Release|Any CPU
	EndGlobalSection
	GlobalSection(ProjectConfigurationPlatforms) = postSolution
		{495A422E-A7DE-4F08-B522-214827D2294C}.Debug|Any CPU.ActiveCfg = Debug|Any CPU
		{495A422E-A7DE-4F08-B522-214827D2294C}.Debug|Any CPU.Build.0 = Debug|Any CPU
		{495A422E-A7DE-4F08-B522-214827D2294C}.Release|Any CPU.ActiveCfg = Release|Any CPU
		{495A422E-A7DE-4F08-B522-214827D2294C}.Release|Any CPU.Build.0 = Release|Any CPU
	EndGlobalSection
	GlobalSection(SolutionProperties) = preSolution
		HideSolutionNode = FALSE
	EndGlobalSection
	GlobalSection(ExtensibilityGlobals) = postSolution
		SolutionGuid = {A22639E5-8B08-489C-AB43-26BFD7CA23C1}
	EndGlobalSection
EndGlobal
